
Microsoft Visual Studio Solution File, Format Version 12.00
# Visual Studio 15
VisualStudioVersion = 15.0.27130.2020
MinimumVisualStudioVersion = 10.0.40219.1
Project("{A0786B88-2ADB-4C21-ABE8-AA2D79766269}") = "KittenPages", "KittenPages.phpproj", "{414D40CF-CE6F-431B-B53C-54D42E7E4CFB}"
EndProject
Global
	GlobalSection(SolutionConfigurationPlatforms) = preSolution
		Debug|Any CPU = Debug|Any CPU
		Release|Any CPU = Release|Any CPU
	EndGlobalSection
	GlobalSection(ProjectConfigurationPlatforms) = postSolution
		{414D40CF-CE6F-431B-B53C-54D42E7E4CFB}.Debug|Any CPU.ActiveCfg = Debug|Any CPU
		{414D40CF-CE6F-431B-B53C-54D42E7E4CFB}.Release|Any CPU.ActiveCfg = Release|Any CPU
	EndGlobalSection
	GlobalSection(SolutionProperties) = preSolution
		HideSolutionNode = FALSE
	EndGlobalSection
	GlobalSection(ExtensibilityGlobals) = postSolution
		SolutionGuid = {AF413DDD-5193-4E69-BE47-CD7D5368BFA2}
	EndGlobalSection
EndGlobal
